
Microsoft Visual Studio Solution File, Format Version 12.00
# Visual Studio Version 16
VisualStudioVersion = 16.0.30320.27
MinimumVisualStudioVersion = 10.0.40219.1
Project("{FAE04EC0-301F-11D3-BF4B-00C04F79EFBC}") = "SimpleCode", "SimpleCode\SimpleCode.csproj", "{A1EB0127-6A03-4206-B87D-0C491CFD3894}"
EndProject
Project("{FAE04EC0-301F-11D3-BF4B-00C04F79EFBC}") = "variables", "variables\variables.csproj", "{AE39E78B-AC7A-4CC9-8F70-6443E3D09292}"
EndProject
Project("{FAE04EC0-301F-11D3-BF4B-00C04F79EFBC}") = "console_input", "console_input\console_input.csproj", "{7845165F-A78F-40AB-9E79-D1788A0D134F}"
EndProject
Project("{FAE04EC0-301F-11D3-BF4B-00C04F79EFBC}") = "Convert", "Convert\Convert.csproj", "{6028B019-DFA1-4F5A-9AFA-BC8C07C0E4D6}"
EndProject
Global
	GlobalSection(SolutionConfigurationPlatforms) = preSolution
		Debug|Any CPU = Debug|Any CPU
		Release|Any CPU = Release|Any CPU
	EndGlobalSection
	GlobalSection(ProjectConfigurationPlatforms) = postSolution
		{A1EB0127-6A03-4206-B87D-0C491CFD3894}.Debug|Any CPU.ActiveCfg = Debug|Any CPU
		{A1EB0127-6A03-4206-B87D-0C491CFD3894}.Debug|Any CPU.Build.0 = Debug|Any CPU
		{A1EB0127-6A03-4206-B87D-0C491CFD3894}.Release|Any CPU.ActiveCfg = Release|Any CPU
		{A1EB0127-6A03-4206-B87D-0C491CFD3894}.Release|Any CPU.Build.0 = Release|Any CPU
		{AE39E78B-AC7A-4CC9-8F70-6443E3D09292}.Debug|Any CPU.ActiveCfg = Debug|Any CPU
		{AE39E78B-AC7A-4CC9-8F70-6443E3D09292}.Debug|Any CPU.Build.0 = Debug|Any CPU
		{AE39E78B-AC7A-4CC9-8F70-6443E3D09292}.Release|Any CPU.ActiveCfg = Release|Any CPU
		{AE39E78B-AC7A-4CC9-8F70-6443E3D09292}.Release|Any CPU.Build.0 = Release|Any CPU
		{7845165F-A78F-40AB-9E79-D1788A0D134F}.Debug|Any CPU.ActiveCfg = Debug|Any CPU
		{7845165F-A78F-40AB-9E79-D1788A0D134F}.Debug|Any CPU.Build.0 = Debug|Any CPU
		{7845165F-A78F-40AB-9E79-D1788A0D134F}.Release|Any CPU.ActiveCfg = Release|Any CPU
		{7845165F-A78F-40AB-9E79-D1788A0D134F}.Release|Any CPU.Build.0 = Release|Any CPU
		{6028B019-DFA1-4F5A-9AFA-BC8C07C0E4D6}.Debug|Any CPU.ActiveCfg = Debug|Any CPU
		{6028B019-DFA1-4F5A-9AFA-BC8C07C0E4D6}.Debug|Any CPU.Build.0 = Debug|Any CPU
		{6028B019-DFA1-4F5A-9AFA-BC8C07C0E4D6}.Release|Any CPU.ActiveCfg = Release|Any CPU
		{6028B019-DFA1-4F5A-9AFA-BC8C07C0E4D6}.Release|Any CPU.Build.0 = Release|Any CPU
	EndGlobalSection
	GlobalSection(SolutionProperties) = preSolution
		HideSolutionNode = FALSE
	EndGlobalSection
	GlobalSection(ExtensibilityGlobals) = postSolution
		SolutionGuid = {76267513-A0B5-448D-98BE-A98FAD84E348}
	EndGlobalSection
EndGlobal
