
Microsoft Visual Studio Solution File, Format Version 12.00
# Visual Studio Version 16
VisualStudioVersion = 16.0.30320.27
MinimumVisualStudioVersion = 10.0.40219.1
Project("{FAE04EC0-301F-11D3-BF4B-00C04F79EFBC}") = "SimpleCode", "SimpleCode\SimpleCode.csproj", "{A1EB0127-6A03-4206-B87D-0C491CFD3894}"
EndProject
Project("{9A19103F-16F7-4668-BE54-9A1E7A4F7556}") = "variables", "variables\variables.csproj", "{AE39E78B-AC7A-4CC9-8F70-6443E3D09292}"
EndProject
Project("{9A19103F-16F7-4668-BE54-9A1E7A4F7556}") = "console_input", "console_input\console_input.csproj", "{7845165F-A78F-40AB-9E79-D1788A0D134F}"
EndProject
Project("{9A19103F-16F7-4668-BE54-9A1E7A4F7556}") = "Convert", "Convert\Convert.csproj", "{6028B019-DFA1-4F5A-9AFA-BC8C07C0E4D6}"
EndProject
Project("{9A19103F-16F7-4668-BE54-9A1E7A4F7556}") = "Try_Parse", "Try_Parse\Try_Parse.csproj", "{BCA338C5-D754-44F1-9940-BDDB81543CAE}"
EndProject
Project("{9A19103F-16F7-4668-BE54-9A1E7A4F7556}") = "Operators", "Operators\Operators.csproj", "{CF907FA2-2B3D-41B6-9A99-E72BF000740A}"
EndProject
Project("{9A19103F-16F7-4668-BE54-9A1E7A4F7556}") = "Increment", "Increment\Increment.csproj", "{A6AF0A67-B6DA-4699-9CBC-FED326427C2F}"
EndProject
Project("{9A19103F-16F7-4668-BE54-9A1E7A4F7556}") = "if_else", "if_else\if_else.csproj", "{B3A991AA-783B-4499-A72A-245691306C34}"
EndProject
Project("{9A19103F-16F7-4668-BE54-9A1E7A4F7556}") = "__switch_", "switch\__switch_.csproj", "{E78F19CC-B163-4EE7-A61F-9C03ED6BB42F}"
EndProject
Project("{9A19103F-16F7-4668-BE54-9A1E7A4F7556}") = "calculator", "calculator\calculator.csproj", "{844C682E-4A4A-4899-9AF4-990A83EDCB29}"
EndProject
Project("{9A19103F-16F7-4668-BE54-9A1E7A4F7556}") = "cycle", "cycle\cycle.csproj", "{17912D06-D48C-4008-BC06-88A6D3B0B99C}"
EndProject
Project("{9A19103F-16F7-4668-BE54-9A1E7A4F7556}") = "CycleFor", "CycleFor\CycleFor.csproj", "{7BF2FC75-07AE-485E-814D-C566223F7C49}"
EndProject
Project("{9A19103F-16F7-4668-BE54-9A1E7A4F7556}") = "Ternar", "Ternar\Ternar.csproj", "{3ED4FFAC-EA04-4B45-B1F6-71D1EE4FF66D}"
EndProject
Project("{9A19103F-16F7-4668-BE54-9A1E7A4F7556}") = "massivy", "massivy\massivy.csproj", "{EB832611-2EF6-4911-97E7-4E7EA5F4D630}"
EndProject
Project("{9A19103F-16F7-4668-BE54-9A1E7A4F7556}") = "L28", "L28\L28.csproj", "{369D9F6E-F8E9-4A43-A6DD-09EA9671082A}"
EndProject
Project("{9A19103F-16F7-4668-BE54-9A1E7A4F7556}") = "L30", "L30\L30.csproj", "{B8C32418-C680-40AE-AA49-8D4E464C2990}"
EndProject
Project("{FAE04EC0-301F-11D3-BF4B-00C04F79EFBC}") = "L34", "L34\L34.csproj", "{3B9150FC-D353-4AA4-8956-2D7F6B90C4C6}"
EndProject
Global
	GlobalSection(SolutionConfigurationPlatforms) = preSolution
		Debug|Any CPU = Debug|Any CPU
		Release|Any CPU = Release|Any CPU
	EndGlobalSection
	GlobalSection(ProjectConfigurationPlatforms) = postSolution
		{A1EB0127-6A03-4206-B87D-0C491CFD3894}.Debug|Any CPU.ActiveCfg = Debug|Any CPU
		{A1EB0127-6A03-4206-B87D-0C491CFD3894}.Debug|Any CPU.Build.0 = Debug|Any CPU
		{A1EB0127-6A03-4206-B87D-0C491CFD3894}.Release|Any CPU.ActiveCfg = Release|Any CPU
		{A1EB0127-6A03-4206-B87D-0C491CFD3894}.Release|Any CPU.Build.0 = Release|Any CPU
		{AE39E78B-AC7A-4CC9-8F70-6443E3D09292}.Debug|Any CPU.ActiveCfg = Debug|Any CPU
		{AE39E78B-AC7A-4CC9-8F70-6443E3D09292}.Debug|Any CPU.Build.0 = Debug|Any CPU
		{AE39E78B-AC7A-4CC9-8F70-6443E3D09292}.Release|Any CPU.ActiveCfg = Release|Any CPU
		{AE39E78B-AC7A-4CC9-8F70-6443E3D09292}.Release|Any CPU.Build.0 = Release|Any CPU
		{7845165F-A78F-40AB-9E79-D1788A0D134F}.Debug|Any CPU.ActiveCfg = Debug|Any CPU
		{7845165F-A78F-40AB-9E79-D1788A0D134F}.Debug|Any CPU.Build.0 = Debug|Any CPU
		{7845165F-A78F-40AB-9E79-D1788A0D134F}.Release|Any CPU.ActiveCfg = Release|Any CPU
		{7845165F-A78F-40AB-9E79-D1788A0D134F}.Release|Any CPU.Build.0 = Release|Any CPU
		{6028B019-DFA1-4F5A-9AFA-BC8C07C0E4D6}.Debug|Any CPU.ActiveCfg = Debug|Any CPU
		{6028B019-DFA1-4F5A-9AFA-BC8C07C0E4D6}.Debug|Any CPU.Build.0 = Debug|Any CPU
		{6028B019-DFA1-4F5A-9AFA-BC8C07C0E4D6}.Release|Any CPU.ActiveCfg = Release|Any CPU
		{6028B019-DFA1-4F5A-9AFA-BC8C07C0E4D6}.Release|Any CPU.Build.0 = Release|Any CPU
		{BCA338C5-D754-44F1-9940-BDDB81543CAE}.Debug|Any CPU.ActiveCfg = Debug|Any CPU
		{BCA338C5-D754-44F1-9940-BDDB81543CAE}.Debug|Any CPU.Build.0 = Debug|Any CPU
		{BCA338C5-D754-44F1-9940-BDDB81543CAE}.Release|Any CPU.ActiveCfg = Release|Any CPU
		{BCA338C5-D754-44F1-9940-BDDB81543CAE}.Release|Any CPU.Build.0 = Release|Any CPU
		{CF907FA2-2B3D-41B6-9A99-E72BF000740A}.Debug|Any CPU.ActiveCfg = Debug|Any CPU
		{CF907FA2-2B3D-41B6-9A99-E72BF000740A}.Debug|Any CPU.Build.0 = Debug|Any CPU
		{CF907FA2-2B3D-41B6-9A99-E72BF000740A}.Release|Any CPU.ActiveCfg = Release|Any CPU
		{CF907FA2-2B3D-41B6-9A99-E72BF000740A}.Release|Any CPU.Build.0 = Release|Any CPU
		{A6AF0A67-B6DA-4699-9CBC-FED326427C2F}.Debug|Any CPU.ActiveCfg = Debug|Any CPU
		{A6AF0A67-B6DA-4699-9CBC-FED326427C2F}.Debug|Any CPU.Build.0 = Debug|Any CPU
		{A6AF0A67-B6DA-4699-9CBC-FED326427C2F}.Release|Any CPU.ActiveCfg = Release|Any CPU
		{A6AF0A67-B6DA-4699-9CBC-FED326427C2F}.Release|Any CPU.Build.0 = Release|Any CPU
		{B3A991AA-783B-4499-A72A-245691306C34}.Debug|Any CPU.ActiveCfg = Debug|Any CPU
		{B3A991AA-783B-4499-A72A-245691306C34}.Debug|Any CPU.Build.0 = Debug|Any CPU
		{B3A991AA-783B-4499-A72A-245691306C34}.Release|Any CPU.ActiveCfg = Release|Any CPU
		{B3A991AA-783B-4499-A72A-245691306C34}.Release|Any CPU.Build.0 = Release|Any CPU
		{E78F19CC-B163-4EE7-A61F-9C03ED6BB42F}.Debug|Any CPU.ActiveCfg = Debug|Any CPU
		{E78F19CC-B163-4EE7-A61F-9C03ED6BB42F}.Debug|Any CPU.Build.0 = Debug|Any CPU
		{E78F19CC-B163-4EE7-A61F-9C03ED6BB42F}.Release|Any CPU.ActiveCfg = Release|Any CPU
		{E78F19CC-B163-4EE7-A61F-9C03ED6BB42F}.Release|Any CPU.Build.0 = Release|Any CPU
		{844C682E-4A4A-4899-9AF4-990A83EDCB29}.Debug|Any CPU.ActiveCfg = Debug|Any CPU
		{844C682E-4A4A-4899-9AF4-990A83EDCB29}.Debug|Any CPU.Build.0 = Debug|Any CPU
		{844C682E-4A4A-4899-9AF4-990A83EDCB29}.Release|Any CPU.ActiveCfg = Release|Any CPU
		{844C682E-4A4A-4899-9AF4-990A83EDCB29}.Release|Any CPU.Build.0 = Release|Any CPU
		{17912D06-D48C-4008-BC06-88A6D3B0B99C}.Debug|Any CPU.ActiveCfg = Debug|Any CPU
		{17912D06-D48C-4008-BC06-88A6D3B0B99C}.Debug|Any CPU.Build.0 = Debug|Any CPU
		{17912D06-D48C-4008-BC06-88A6D3B0B99C}.Release|Any CPU.ActiveCfg = Release|Any CPU
		{17912D06-D48C-4008-BC06-88A6D3B0B99C}.Release|Any CPU.Build.0 = Release|Any CPU
		{7BF2FC75-07AE-485E-814D-C566223F7C49}.Debug|Any CPU.ActiveCfg = Debug|Any CPU
		{7BF2FC75-07AE-485E-814D-C566223F7C49}.Debug|Any CPU.Build.0 = Debug|Any CPU
		{7BF2FC75-07AE-485E-814D-C566223F7C49}.Release|Any CPU.ActiveCfg = Release|Any CPU
		{7BF2FC75-07AE-485E-814D-C566223F7C49}.Release|Any CPU.Build.0 = Release|Any CPU
		{3ED4FFAC-EA04-4B45-B1F6-71D1EE4FF66D}.Debug|Any CPU.ActiveCfg = Debug|Any CPU
		{3ED4FFAC-EA04-4B45-B1F6-71D1EE4FF66D}.Debug|Any CPU.Build.0 = Debug|Any CPU
		{3ED4FFAC-EA04-4B45-B1F6-71D1EE4FF66D}.Release|Any CPU.ActiveCfg = Release|Any CPU
		{3ED4FFAC-EA04-4B45-B1F6-71D1EE4FF66D}.Release|Any CPU.Build.0 = Release|Any CPU
		{EB832611-2EF6-4911-97E7-4E7EA5F4D630}.Debug|Any CPU.ActiveCfg = Debug|Any CPU
		{EB832611-2EF6-4911-97E7-4E7EA5F4D630}.Debug|Any CPU.Build.0 = Debug|Any CPU
		{EB832611-2EF6-4911-97E7-4E7EA5F4D630}.Release|Any CPU.ActiveCfg = Release|Any CPU
		{EB832611-2EF6-4911-97E7-4E7EA5F4D630}.Release|Any CPU.Build.0 = Release|Any CPU
		{369D9F6E-F8E9-4A43-A6DD-09EA9671082A}.Debug|Any CPU.ActiveCfg = Debug|Any CPU
		{369D9F6E-F8E9-4A43-A6DD-09EA9671082A}.Debug|Any CPU.Build.0 = Debug|Any CPU
		{369D9F6E-F8E9-4A43-A6DD-09EA9671082A}.Release|Any CPU.ActiveCfg = Release|Any CPU
		{369D9F6E-F8E9-4A43-A6DD-09EA9671082A}.Release|Any CPU.Build.0 = Release|Any CPU
		{B8C32418-C680-40AE-AA49-8D4E464C2990}.Debug|Any CPU.ActiveCfg = Debug|Any CPU
		{B8C32418-C680-40AE-AA49-8D4E464C2990}.Debug|Any CPU.Build.0 = Debug|Any CPU
		{B8C32418-C680-40AE-AA49-8D4E464C2990}.Release|Any CPU.ActiveCfg = Release|Any CPU
		{B8C32418-C680-40AE-AA49-8D4E464C2990}.Release|Any CPU.Build.0 = Release|Any CPU
		{3B9150FC-D353-4AA4-8956-2D7F6B90C4C6}.Debug|Any CPU.ActiveCfg = Debug|Any CPU
		{3B9150FC-D353-4AA4-8956-2D7F6B90C4C6}.Debug|Any CPU.Build.0 = Debug|Any CPU
		{3B9150FC-D353-4AA4-8956-2D7F6B90C4C6}.Release|Any CPU.ActiveCfg = Release|Any CPU
		{3B9150FC-D353-4AA4-8956-2D7F6B90C4C6}.Release|Any CPU.Build.0 = Release|Any CPU
	EndGlobalSection
	GlobalSection(SolutionProperties) = preSolution
		HideSolutionNode = FALSE
	EndGlobalSection
	GlobalSection(ExtensibilityGlobals) = postSolution
		SolutionGuid = {76267513-A0B5-448D-98BE-A98FAD84E348}
	EndGlobalSection
EndGlobal
