
Microsoft Visual Studio Solution File, Format Version 12.00
# Visual Studio Version 16
VisualStudioVersion = 16.0.30717.126
MinimumVisualStudioVersion = 10.0.40219.1
Project("{FAE04EC0-301F-11D3-BF4B-00C04F79EFBC}") = "Bot", "Bot\Bot.csproj", "{64ED5B96-F03C-49C8-8A35-2D6465CA57A2}"
EndProject
Global
	GlobalSection(SolutionConfigurationPlatforms) = preSolution
		Debug|Any CPU = Debug|Any CPU
		Release|Any CPU = Release|Any CPU
	EndGlobalSection
	GlobalSection(ProjectConfigurationPlatforms) = postSolution
		{64ED5B96-F03C-49C8-8A35-2D6465CA57A2}.Debug|Any CPU.ActiveCfg = Debug|Any CPU
		{64ED5B96-F03C-49C8-8A35-2D6465CA57A2}.Debug|Any CPU.Build.0 = Debug|Any CPU
		{64ED5B96-F03C-49C8-8A35-2D6465CA57A2}.Release|Any CPU.ActiveCfg = Release|Any CPU
		{64ED5B96-F03C-49C8-8A35-2D6465CA57A2}.Release|Any CPU.Build.0 = Release|Any CPU
	EndGlobalSection
	GlobalSection(SolutionProperties) = preSolution
		HideSolutionNode = FALSE
	EndGlobalSection
	GlobalSection(ExtensibilityGlobals) = postSolution
		SolutionGuid = {8375A359-FFCC-4BE1-96F8-5926CA18553C}
	EndGlobalSection
EndGlobal
